
Microsoft Visual Studio Solution File, Format Version 12.00
# Visual Studio Version 17
VisualStudioVersion = 17.11.35222.181
MinimumVisualStudioVersion = 10.0.40219.1
Project("{9A19103F-16F7-4668-BE54-9A1E7A4F7556}") = "AnythingYouWant.Server", "AnythingYouWant.Server\AnythingYouWant.Server.csproj", "{421085F8-E0F6-4FCB-A9AA-A4570E85C870}"
	ProjectSection(ProjectDependencies) = postProject
		{F2628AE6-A114-4739-BEBB-2A250E62E0E7} = {F2628AE6-A114-4739-BEBB-2A250E62E0E7}
	EndProjectSection
EndProject
Project("{54A90642-561A-4BB1-A94E-469ADEE60C69}") = "anythingyouwant.client", "anythingyouwant.client\anythingyouwant.client.esproj", "{64B65B9E-58E5-458C-A82A-082ADD4209D5}"
EndProject
Project("{9A19103F-16F7-4668-BE54-9A1E7A4F7556}") = "DataModel", "DataModel\DataModel.csproj", "{F2628AE6-A114-4739-BEBB-2A250E62E0E7}"
EndProject
Global
	GlobalSection(SolutionConfigurationPlatforms) = preSolution
		Debug|Any CPU = Debug|Any CPU
		Release|Any CPU = Release|Any CPU
	EndGlobalSection
	GlobalSection(ProjectConfigurationPlatforms) = postSolution
		{421085F8-E0F6-4FCB-A9AA-A4570E85C870}.Debug|Any CPU.ActiveCfg = Debug|Any CPU
		{421085F8-E0F6-4FCB-A9AA-A4570E85C870}.Debug|Any CPU.Build.0 = Debug|Any CPU
		{421085F8-E0F6-4FCB-A9AA-A4570E85C870}.Release|Any CPU.ActiveCfg = Release|Any CPU
		{421085F8-E0F6-4FCB-A9AA-A4570E85C870}.Release|Any CPU.Build.0 = Release|Any CPU
		{64B65B9E-58E5-458C-A82A-082ADD4209D5}.Debug|Any CPU.ActiveCfg = Debug|Any CPU
		{64B65B9E-58E5-458C-A82A-082ADD4209D5}.Debug|Any CPU.Build.0 = Debug|Any CPU
		{64B65B9E-58E5-458C-A82A-082ADD4209D5}.Debug|Any CPU.Deploy.0 = Debug|Any CPU
		{64B65B9E-58E5-458C-A82A-082ADD4209D5}.Release|Any CPU.ActiveCfg = Release|Any CPU
		{64B65B9E-58E5-458C-A82A-082ADD4209D5}.Release|Any CPU.Build.0 = Release|Any CPU
		{64B65B9E-58E5-458C-A82A-082ADD4209D5}.Release|Any CPU.Deploy.0 = Release|Any CPU
		{F2628AE6-A114-4739-BEBB-2A250E62E0E7}.Debug|Any CPU.ActiveCfg = Debug|Any CPU
		{F2628AE6-A114-4739-BEBB-2A250E62E0E7}.Debug|Any CPU.Build.0 = Debug|Any CPU
		{F2628AE6-A114-4739-BEBB-2A250E62E0E7}.Release|Any CPU.ActiveCfg = Release|Any CPU
		{F2628AE6-A114-4739-BEBB-2A250E62E0E7}.Release|Any CPU.Build.0 = Release|Any CPU
	EndGlobalSection
	GlobalSection(SolutionProperties) = preSolution
		HideSolutionNode = FALSE
	EndGlobalSection
	GlobalSection(ExtensibilityGlobals) = postSolution
		SolutionGuid = {2F46B07A-8964-4E4A-93D3-7DAC4793DA2A}
	EndGlobalSection
EndGlobal
